
Microsoft Visual Studio Solution File, Format Version 12.00
# Visual Studio Version 16
VisualStudioVersion = 16.0.29411.108
MinimumVisualStudioVersion = 10.0.40219.1
Project("{9A19103F-16F7-4668-BE54-9A1E7A4F7556}") = "System.Geometry", "System.Geometry\System.Geometry.csproj", "{0D65C7E8-9652-4965-AA80-890FFDDDD2FD}"
EndProject
Project("{9A19103F-16F7-4668-BE54-9A1E7A4F7556}") = "System.Geometry.Text", "System.Geometry.Text\System.Geometry.Text.csproj", "{BE98D36D-8C0E-4045-A3D6-DC2B55C30C9B}"
EndProject
Project("{9A19103F-16F7-4668-BE54-9A1E7A4F7556}") = "System.Geometry Test", "System.Geometry Test\System.Geometry Test.csproj", "{622A4503-6691-4C1D-B338-73DC73539B94}"
EndProject
Global
	GlobalSection(SolutionConfigurationPlatforms) = preSolution
		Debug|Any CPU = Debug|Any CPU
		Release|Any CPU = Release|Any CPU
	EndGlobalSection
	GlobalSection(ProjectConfigurationPlatforms) = postSolution
		{0D65C7E8-9652-4965-AA80-890FFDDDD2FD}.Debug|Any CPU.ActiveCfg = Debug|Any CPU
		{0D65C7E8-9652-4965-AA80-890FFDDDD2FD}.Debug|Any CPU.Build.0 = Debug|Any CPU
		{0D65C7E8-9652-4965-AA80-890FFDDDD2FD}.Release|Any CPU.ActiveCfg = Release|Any CPU
		{0D65C7E8-9652-4965-AA80-890FFDDDD2FD}.Release|Any CPU.Build.0 = Release|Any CPU
		{BE98D36D-8C0E-4045-A3D6-DC2B55C30C9B}.Debug|Any CPU.ActiveCfg = Debug|Any CPU
		{BE98D36D-8C0E-4045-A3D6-DC2B55C30C9B}.Debug|Any CPU.Build.0 = Debug|Any CPU
		{BE98D36D-8C0E-4045-A3D6-DC2B55C30C9B}.Release|Any CPU.ActiveCfg = Release|Any CPU
		{BE98D36D-8C0E-4045-A3D6-DC2B55C30C9B}.Release|Any CPU.Build.0 = Release|Any CPU
		{622A4503-6691-4C1D-B338-73DC73539B94}.Debug|Any CPU.ActiveCfg = Debug|Any CPU
		{622A4503-6691-4C1D-B338-73DC73539B94}.Debug|Any CPU.Build.0 = Debug|Any CPU
		{622A4503-6691-4C1D-B338-73DC73539B94}.Release|Any CPU.ActiveCfg = Release|Any CPU
		{622A4503-6691-4C1D-B338-73DC73539B94}.Release|Any CPU.Build.0 = Release|Any CPU
	EndGlobalSection
	GlobalSection(SolutionProperties) = preSolution
		HideSolutionNode = FALSE
	EndGlobalSection
	GlobalSection(ExtensibilityGlobals) = postSolution
		SolutionGuid = {82ED0651-D3F6-4FFA-B457-FEB8CCDA8A24}
	EndGlobalSection
EndGlobal
